
Microsoft Visual Studio Solution File, Format Version 12.00
# Visual Studio Version 17
VisualStudioVersion = 17.0.32014.148
MinimumVisualStudioVersion = 10.0.40219.1
Project("{FAE04EC0-301F-11D3-BF4B-00C04F79EFBC}") = "Beetee_Task", "Beetee_Task\Beetee_Task.csproj", "{A2D6EAA3-665B-4CC3-9CC9-8DD6AC3C7659}"
EndProject
Global
	GlobalSection(SolutionConfigurationPlatforms) = preSolution
		Debug|Any CPU = Debug|Any CPU
		Release|Any CPU = Release|Any CPU
	EndGlobalSection
	GlobalSection(ProjectConfigurationPlatforms) = postSolution
		{A2D6EAA3-665B-4CC3-9CC9-8DD6AC3C7659}.Debug|Any CPU.ActiveCfg = Debug|Any CPU
		{A2D6EAA3-665B-4CC3-9CC9-8DD6AC3C7659}.Debug|Any CPU.Build.0 = Debug|Any CPU
		{A2D6EAA3-665B-4CC3-9CC9-8DD6AC3C7659}.Release|Any CPU.ActiveCfg = Release|Any CPU
		{A2D6EAA3-665B-4CC3-9CC9-8DD6AC3C7659}.Release|Any CPU.Build.0 = Release|Any CPU
	EndGlobalSection
	GlobalSection(SolutionProperties) = preSolution
		HideSolutionNode = FALSE
	EndGlobalSection
	GlobalSection(ExtensibilityGlobals) = postSolution
		SolutionGuid = {0BE63727-C53D-4FBE-AFAA-2972A4D5769F}
	EndGlobalSection
EndGlobal
